
Microsoft Visual Studio Solution File, Format Version 12.00
# Visual Studio Version 16
VisualStudioVersion = 16.0.28803.452
MinimumVisualStudioVersion = 15.0.26124.0
Project("{9A19103F-16F7-4668-BE54-9A1E7A4F7556}") = "IdentityServer", "src\IdentityServer\IdentityServer.csproj", "{29D49C66-025D-43C2-BC18-6D42C54EADA6}"
EndProject
Project("{2150E333-8FDC-42A3-9474-1A3956D46DE8}") = "src", "src", "{084B71D0-2389-4EBB-BB98-66DA23C4CB52}"
EndProject
Project("{9A19103F-16F7-4668-BE54-9A1E7A4F7556}") = "Api", "src\Api\Api.csproj", "{12EACE1D-D802-4968-8F50-D68E2C90E02D}"
EndProject
Project("{9A19103F-16F7-4668-BE54-9A1E7A4F7556}") = "Client", "src\Client\Client.csproj", "{79582DA2-E77F-4589-B8D1-A38069858270}"
EndProject
Project("{9A19103F-16F7-4668-BE54-9A1E7A4F7556}") = "Client.Passwords", "src\Client.Passwords\Client.Passwords.csproj", "{0C523181-15F3-48D6-AE9F-FE6886EC02AC}"
EndProject
Project("{9A19103F-16F7-4668-BE54-9A1E7A4F7556}") = "WebApplication", "src\WebApplication\WebApplication.csproj", "{2D3E51DE-2AE5-46A1-AF86-2ADF07FF0F02}"
EndProject
Project("{9A19103F-16F7-4668-BE54-9A1E7A4F7556}") = "Client.JavaScript", "src\Client.JavaScript\Client.JavaScript.csproj", "{2DAAA463-B852-4A06-A3EC-72969DC41141}"
EndProject
Project("{9A19103F-16F7-4668-BE54-9A1E7A4F7556}") = "IdentityServer.AspNetIdentity", "src\IdentityServer.AspNetIdentity\IdentityServer.AspNetIdentity.csproj", "{C0A7DF56-A762-4A32-8F00-EE77CCD2BE96}"
EndProject
Global
	GlobalSection(SolutionConfigurationPlatforms) = preSolution
		Debug|Any CPU = Debug|Any CPU
		Debug|x64 = Debug|x64
		Debug|x86 = Debug|x86
		Release|Any CPU = Release|Any CPU
		Release|x64 = Release|x64
		Release|x86 = Release|x86
	EndGlobalSection
	GlobalSection(ProjectConfigurationPlatforms) = postSolution
		{29D49C66-025D-43C2-BC18-6D42C54EADA6}.Debug|Any CPU.ActiveCfg = Debug|Any CPU
		{29D49C66-025D-43C2-BC18-6D42C54EADA6}.Debug|Any CPU.Build.0 = Debug|Any CPU
		{29D49C66-025D-43C2-BC18-6D42C54EADA6}.Debug|x64.ActiveCfg = Debug|Any CPU
		{29D49C66-025D-43C2-BC18-6D42C54EADA6}.Debug|x64.Build.0 = Debug|Any CPU
		{29D49C66-025D-43C2-BC18-6D42C54EADA6}.Debug|x86.ActiveCfg = Debug|Any CPU
		{29D49C66-025D-43C2-BC18-6D42C54EADA6}.Debug|x86.Build.0 = Debug|Any CPU
		{29D49C66-025D-43C2-BC18-6D42C54EADA6}.Release|Any CPU.ActiveCfg = Release|Any CPU
		{29D49C66-025D-43C2-BC18-6D42C54EADA6}.Release|Any CPU.Build.0 = Release|Any CPU
		{29D49C66-025D-43C2-BC18-6D42C54EADA6}.Release|x64.ActiveCfg = Release|Any CPU
		{29D49C66-025D-43C2-BC18-6D42C54EADA6}.Release|x64.Build.0 = Release|Any CPU
		{29D49C66-025D-43C2-BC18-6D42C54EADA6}.Release|x86.ActiveCfg = Release|Any CPU
		{29D49C66-025D-43C2-BC18-6D42C54EADA6}.Release|x86.Build.0 = Release|Any CPU
		{12EACE1D-D802-4968-8F50-D68E2C90E02D}.Debug|Any CPU.ActiveCfg = Debug|Any CPU
		{12EACE1D-D802-4968-8F50-D68E2C90E02D}.Debug|Any CPU.Build.0 = Debug|Any CPU
		{12EACE1D-D802-4968-8F50-D68E2C90E02D}.Debug|x64.ActiveCfg = Debug|Any CPU
		{12EACE1D-D802-4968-8F50-D68E2C90E02D}.Debug|x64.Build.0 = Debug|Any CPU
		{12EACE1D-D802-4968-8F50-D68E2C90E02D}.Debug|x86.ActiveCfg = Debug|Any CPU
		{12EACE1D-D802-4968-8F50-D68E2C90E02D}.Debug|x86.Build.0 = Debug|Any CPU
		{12EACE1D-D802-4968-8F50-D68E2C90E02D}.Release|Any CPU.ActiveCfg = Release|Any CPU
		{12EACE1D-D802-4968-8F50-D68E2C90E02D}.Release|Any CPU.Build.0 = Release|Any CPU
		{12EACE1D-D802-4968-8F50-D68E2C90E02D}.Release|x64.ActiveCfg = Release|Any CPU
		{12EACE1D-D802-4968-8F50-D68E2C90E02D}.Release|x64.Build.0 = Release|Any CPU
		{12EACE1D-D802-4968-8F50-D68E2C90E02D}.Release|x86.ActiveCfg = Release|Any CPU
		{12EACE1D-D802-4968-8F50-D68E2C90E02D}.Release|x86.Build.0 = Release|Any CPU
		{79582DA2-E77F-4589-B8D1-A38069858270}.Debug|Any CPU.ActiveCfg = Debug|Any CPU
		{79582DA2-E77F-4589-B8D1-A38069858270}.Debug|Any CPU.Build.0 = Debug|Any CPU
		{79582DA2-E77F-4589-B8D1-A38069858270}.Debug|x64.ActiveCfg = Debug|Any CPU
		{79582DA2-E77F-4589-B8D1-A38069858270}.Debug|x64.Build.0 = Debug|Any CPU
		{79582DA2-E77F-4589-B8D1-A38069858270}.Debug|x86.ActiveCfg = Debug|Any CPU
		{79582DA2-E77F-4589-B8D1-A38069858270}.Debug|x86.Build.0 = Debug|Any CPU
		{79582DA2-E77F-4589-B8D1-A38069858270}.Release|Any CPU.ActiveCfg = Release|Any CPU
		{79582DA2-E77F-4589-B8D1-A38069858270}.Release|Any CPU.Build.0 = Release|Any CPU
		{79582DA2-E77F-4589-B8D1-A38069858270}.Release|x64.ActiveCfg = Release|Any CPU
		{79582DA2-E77F-4589-B8D1-A38069858270}.Release|x64.Build.0 = Release|Any CPU
		{79582DA2-E77F-4589-B8D1-A38069858270}.Release|x86.ActiveCfg = Release|Any CPU
		{79582DA2-E77F-4589-B8D1-A38069858270}.Release|x86.Build.0 = Release|Any CPU
		{0C523181-15F3-48D6-AE9F-FE6886EC02AC}.Debug|Any CPU.ActiveCfg = Debug|Any CPU
		{0C523181-15F3-48D6-AE9F-FE6886EC02AC}.Debug|Any CPU.Build.0 = Debug|Any CPU
		{0C523181-15F3-48D6-AE9F-FE6886EC02AC}.Debug|x64.ActiveCfg = Debug|Any CPU
		{0C523181-15F3-48D6-AE9F-FE6886EC02AC}.Debug|x64.Build.0 = Debug|Any CPU
		{0C523181-15F3-48D6-AE9F-FE6886EC02AC}.Debug|x86.ActiveCfg = Debug|Any CPU
		{0C523181-15F3-48D6-AE9F-FE6886EC02AC}.Debug|x86.Build.0 = Debug|Any CPU
		{0C523181-15F3-48D6-AE9F-FE6886EC02AC}.Release|Any CPU.ActiveCfg = Release|Any CPU
		{0C523181-15F3-48D6-AE9F-FE6886EC02AC}.Release|Any CPU.Build.0 = Release|Any CPU
		{0C523181-15F3-48D6-AE9F-FE6886EC02AC}.Release|x64.ActiveCfg = Release|Any CPU
		{0C523181-15F3-48D6-AE9F-FE6886EC02AC}.Release|x64.Build.0 = Release|Any CPU
		{0C523181-15F3-48D6-AE9F-FE6886EC02AC}.Release|x86.ActiveCfg = Release|Any CPU
		{0C523181-15F3-48D6-AE9F-FE6886EC02AC}.Release|x86.Build.0 = Release|Any CPU
		{2D3E51DE-2AE5-46A1-AF86-2ADF07FF0F02}.Debug|Any CPU.ActiveCfg = Debug|Any CPU
		{2D3E51DE-2AE5-46A1-AF86-2ADF07FF0F02}.Debug|Any CPU.Build.0 = Debug|Any CPU
		{2D3E51DE-2AE5-46A1-AF86-2ADF07FF0F02}.Debug|x64.ActiveCfg = Debug|Any CPU
		{2D3E51DE-2AE5-46A1-AF86-2ADF07FF0F02}.Debug|x64.Build.0 = Debug|Any CPU
		{2D3E51DE-2AE5-46A1-AF86-2ADF07FF0F02}.Debug|x86.ActiveCfg = Debug|Any CPU
		{2D3E51DE-2AE5-46A1-AF86-2ADF07FF0F02}.Debug|x86.Build.0 = Debug|Any CPU
		{2D3E51DE-2AE5-46A1-AF86-2ADF07FF0F02}.Release|Any CPU.ActiveCfg = Release|Any CPU
		{2D3E51DE-2AE5-46A1-AF86-2ADF07FF0F02}.Release|Any CPU.Build.0 = Release|Any CPU
		{2D3E51DE-2AE5-46A1-AF86-2ADF07FF0F02}.Release|x64.ActiveCfg = Release|Any CPU
		{2D3E51DE-2AE5-46A1-AF86-2ADF07FF0F02}.Release|x64.Build.0 = Release|Any CPU
		{2D3E51DE-2AE5-46A1-AF86-2ADF07FF0F02}.Release|x86.ActiveCfg = Release|Any CPU
		{2D3E51DE-2AE5-46A1-AF86-2ADF07FF0F02}.Release|x86.Build.0 = Release|Any CPU
		{2DAAA463-B852-4A06-A3EC-72969DC41141}.Debug|Any CPU.ActiveCfg = Debug|Any CPU
		{2DAAA463-B852-4A06-A3EC-72969DC41141}.Debug|Any CPU.Build.0 = Debug|Any CPU
		{2DAAA463-B852-4A06-A3EC-72969DC41141}.Debug|x64.ActiveCfg = Debug|Any CPU
		{2DAAA463-B852-4A06-A3EC-72969DC41141}.Debug|x64.Build.0 = Debug|Any CPU
		{2DAAA463-B852-4A06-A3EC-72969DC41141}.Debug|x86.ActiveCfg = Debug|Any CPU
		{2DAAA463-B852-4A06-A3EC-72969DC41141}.Debug|x86.Build.0 = Debug|Any CPU
		{2DAAA463-B852-4A06-A3EC-72969DC41141}.Release|Any CPU.ActiveCfg = Release|Any CPU
		{2DAAA463-B852-4A06-A3EC-72969DC41141}.Release|Any CPU.Build.0 = Release|Any CPU
		{2DAAA463-B852-4A06-A3EC-72969DC41141}.Release|x64.ActiveCfg = Release|Any CPU
		{2DAAA463-B852-4A06-A3EC-72969DC41141}.Release|x64.Build.0 = Release|Any CPU
		{2DAAA463-B852-4A06-A3EC-72969DC41141}.Release|x86.ActiveCfg = Release|Any CPU
		{2DAAA463-B852-4A06-A3EC-72969DC41141}.Release|x86.Build.0 = Release|Any CPU
		{C0A7DF56-A762-4A32-8F00-EE77CCD2BE96}.Debug|Any CPU.ActiveCfg = Debug|Any CPU
		{C0A7DF56-A762-4A32-8F00-EE77CCD2BE96}.Debug|Any CPU.Build.0 = Debug|Any CPU
		{C0A7DF56-A762-4A32-8F00-EE77CCD2BE96}.Debug|x64.ActiveCfg = Debug|Any CPU
		{C0A7DF56-A762-4A32-8F00-EE77CCD2BE96}.Debug|x64.Build.0 = Debug|Any CPU
		{C0A7DF56-A762-4A32-8F00-EE77CCD2BE96}.Debug|x86.ActiveCfg = Debug|Any CPU
		{C0A7DF56-A762-4A32-8F00-EE77CCD2BE96}.Debug|x86.Build.0 = Debug|Any CPU
		{C0A7DF56-A762-4A32-8F00-EE77CCD2BE96}.Release|Any CPU.ActiveCfg = Release|Any CPU
		{C0A7DF56-A762-4A32-8F00-EE77CCD2BE96}.Release|Any CPU.Build.0 = Release|Any CPU
		{C0A7DF56-A762-4A32-8F00-EE77CCD2BE96}.Release|x64.ActiveCfg = Release|Any CPU
		{C0A7DF56-A762-4A32-8F00-EE77CCD2BE96}.Release|x64.Build.0 = Release|Any CPU
		{C0A7DF56-A762-4A32-8F00-EE77CCD2BE96}.Release|x86.ActiveCfg = Release|Any CPU
		{C0A7DF56-A762-4A32-8F00-EE77CCD2BE96}.Release|x86.Build.0 = Release|Any CPU
	EndGlobalSection
	GlobalSection(SolutionProperties) = preSolution
		HideSolutionNode = FALSE
	EndGlobalSection
	GlobalSection(NestedProjects) = preSolution
		{29D49C66-025D-43C2-BC18-6D42C54EADA6} = {084B71D0-2389-4EBB-BB98-66DA23C4CB52}
		{12EACE1D-D802-4968-8F50-D68E2C90E02D} = {084B71D0-2389-4EBB-BB98-66DA23C4CB52}
		{79582DA2-E77F-4589-B8D1-A38069858270} = {084B71D0-2389-4EBB-BB98-66DA23C4CB52}
		{0C523181-15F3-48D6-AE9F-FE6886EC02AC} = {084B71D0-2389-4EBB-BB98-66DA23C4CB52}
		{2D3E51DE-2AE5-46A1-AF86-2ADF07FF0F02} = {084B71D0-2389-4EBB-BB98-66DA23C4CB52}
		{2DAAA463-B852-4A06-A3EC-72969DC41141} = {084B71D0-2389-4EBB-BB98-66DA23C4CB52}
		{C0A7DF56-A762-4A32-8F00-EE77CCD2BE96} = {084B71D0-2389-4EBB-BB98-66DA23C4CB52}
	EndGlobalSection
	GlobalSection(ExtensibilityGlobals) = postSolution
		SolutionGuid = {2BB162A9-4599-49EB-9791-9AB61DE2F7EF}
	EndGlobalSection
EndGlobal
